
Microsoft Visual Studio Solution File, Format Version 12.00
# Visual Studio 2012
Project("{FAE04EC0-301F-11D3-BF4B-00C04F79EFBC}") = "AspNet-Web", "AspNet-Web\AspNet-Web.csproj", "{6A7C06D1-CD9B-472D-94A4-D3C6D3D93B00}"
EndProject
Project("{FAE04EC0-301F-11D3-BF4B-00C04F79EFBC}") = "Sitelets-Web", "Sitelets-Web\Sitelets-Web.csproj", "{0D3567BE-A108-4770-A598-1421A0616D85}"
EndProject
Project("{F2A71F9B-5D33-465A-A702-920D77279786}") = "AspNet-Website", "AspNet-Website\AspNet-Website.fsproj", "{DDF9272F-697B-47D8-8F0D-531FC81BF09F}"
EndProject
Project("{F2A71F9B-5D33-465A-A702-920D77279786}") = "Sitelets-Website", "Sitelets-Website\Sitelets-Website.fsproj", "{327883EE-B78B-46CB-94A5-259BC7CD05CD}"
EndProject
Global
	GlobalSection(SolutionConfigurationPlatforms) = preSolution
		Debug|Any CPU = Debug|Any CPU
		Release|Any CPU = Release|Any CPU
	EndGlobalSection
	GlobalSection(ProjectConfigurationPlatforms) = postSolution
		{6A7C06D1-CD9B-472D-94A4-D3C6D3D93B00}.Debug|Any CPU.ActiveCfg = Debug|Any CPU
		{6A7C06D1-CD9B-472D-94A4-D3C6D3D93B00}.Debug|Any CPU.Build.0 = Debug|Any CPU
		{6A7C06D1-CD9B-472D-94A4-D3C6D3D93B00}.Release|Any CPU.ActiveCfg = Release|Any CPU
		{6A7C06D1-CD9B-472D-94A4-D3C6D3D93B00}.Release|Any CPU.Build.0 = Release|Any CPU
		{0D3567BE-A108-4770-A598-1421A0616D85}.Debug|Any CPU.ActiveCfg = Debug|Any CPU
		{0D3567BE-A108-4770-A598-1421A0616D85}.Debug|Any CPU.Build.0 = Debug|Any CPU
		{0D3567BE-A108-4770-A598-1421A0616D85}.Release|Any CPU.ActiveCfg = Release|Any CPU
		{0D3567BE-A108-4770-A598-1421A0616D85}.Release|Any CPU.Build.0 = Release|Any CPU
		{DDF9272F-697B-47D8-8F0D-531FC81BF09F}.Debug|Any CPU.ActiveCfg = Debug|Any CPU
		{DDF9272F-697B-47D8-8F0D-531FC81BF09F}.Debug|Any CPU.Build.0 = Debug|Any CPU
		{DDF9272F-697B-47D8-8F0D-531FC81BF09F}.Release|Any CPU.ActiveCfg = Release|Any CPU
		{DDF9272F-697B-47D8-8F0D-531FC81BF09F}.Release|Any CPU.Build.0 = Release|Any CPU
		{327883EE-B78B-46CB-94A5-259BC7CD05CD}.Debug|Any CPU.ActiveCfg = Debug|Any CPU
		{327883EE-B78B-46CB-94A5-259BC7CD05CD}.Debug|Any CPU.Build.0 = Debug|Any CPU
		{327883EE-B78B-46CB-94A5-259BC7CD05CD}.Release|Any CPU.ActiveCfg = Release|Any CPU
		{327883EE-B78B-46CB-94A5-259BC7CD05CD}.Release|Any CPU.Build.0 = Release|Any CPU
	EndGlobalSection
	GlobalSection(SolutionProperties) = preSolution
		HideSolutionNode = FALSE
	EndGlobalSection
EndGlobal
